
Microsoft Visual Studio Solution File, Format Version 12.00
# Visual Studio Version 17
VisualStudioVersion = 17.9.34622.214
MinimumVisualStudioVersion = 10.0.40219.1
Project("{FAE04EC0-301F-11D3-BF4B-00C04F79EFBC}") = "P_Server", "P_Server\P_Server.csproj", "{269F6674-94F7-4F4F-9B19-BAD6B5E46466}"
EndProject
Project("{FAE04EC0-301F-11D3-BF4B-00C04F79EFBC}") = "P_Client", "..\P_Client\P_Client\P_Client.csproj", "{29747975-FE93-4FA6-B166-6DE0E74D941F}"
EndProject
Project("{FAE04EC0-301F-11D3-BF4B-00C04F79EFBC}") = "p_client2", "..\p_client2\p_client2.csproj", "{525CCA4B-AE15-4758-9A84-CAB626A77C2F}"
EndProject
Global
	GlobalSection(SolutionConfigurationPlatforms) = preSolution
		Debug|Any CPU = Debug|Any CPU
		Release|Any CPU = Release|Any CPU
	EndGlobalSection
	GlobalSection(ProjectConfigurationPlatforms) = postSolution
		{269F6674-94F7-4F4F-9B19-BAD6B5E46466}.Debug|Any CPU.ActiveCfg = Debug|Any CPU
		{269F6674-94F7-4F4F-9B19-BAD6B5E46466}.Debug|Any CPU.Build.0 = Debug|Any CPU
		{269F6674-94F7-4F4F-9B19-BAD6B5E46466}.Release|Any CPU.ActiveCfg = Release|Any CPU
		{269F6674-94F7-4F4F-9B19-BAD6B5E46466}.Release|Any CPU.Build.0 = Release|Any CPU
		{29747975-FE93-4FA6-B166-6DE0E74D941F}.Debug|Any CPU.ActiveCfg = Debug|Any CPU
		{29747975-FE93-4FA6-B166-6DE0E74D941F}.Debug|Any CPU.Build.0 = Debug|Any CPU
		{29747975-FE93-4FA6-B166-6DE0E74D941F}.Release|Any CPU.ActiveCfg = Release|Any CPU
		{29747975-FE93-4FA6-B166-6DE0E74D941F}.Release|Any CPU.Build.0 = Release|Any CPU
		{525CCA4B-AE15-4758-9A84-CAB626A77C2F}.Debug|Any CPU.ActiveCfg = Debug|Any CPU
		{525CCA4B-AE15-4758-9A84-CAB626A77C2F}.Debug|Any CPU.Build.0 = Debug|Any CPU
		{525CCA4B-AE15-4758-9A84-CAB626A77C2F}.Release|Any CPU.ActiveCfg = Release|Any CPU
		{525CCA4B-AE15-4758-9A84-CAB626A77C2F}.Release|Any CPU.Build.0 = Release|Any CPU
	EndGlobalSection
	GlobalSection(SolutionProperties) = preSolution
		HideSolutionNode = FALSE
	EndGlobalSection
	GlobalSection(ExtensibilityGlobals) = postSolution
		SolutionGuid = {32EE2CB8-FB69-4A1D-B945-AC0A3FFEE5CF}
	EndGlobalSection
EndGlobal
